
Microsoft Visual Studio Solution File, Format Version 12.00
# Visual Studio Version 16
VisualStudioVersion = 25.0.1700.0
MinimumVisualStudioVersion = 10.0.40219.1
Project("{FAE04EC0-301F-11D3-BF4B-00C04F79EFBC}") = "Comply.To", "Comply.To\Comply.To.csproj", "{CBA44E98-E154-41DD-BAC8-BA2DA4DB0D85}"
EndProject
Global
	GlobalSection(SolutionConfigurationPlatforms) = preSolution
		Debug|Any CPU = Debug|Any CPU
		Release|Any CPU = Release|Any CPU
	EndGlobalSection
	GlobalSection(ProjectConfigurationPlatforms) = postSolution
		{CBA44E98-E154-41DD-BAC8-BA2DA4DB0D85}.Debug|Any CPU.ActiveCfg = Debug|Any CPU
		{CBA44E98-E154-41DD-BAC8-BA2DA4DB0D85}.Debug|Any CPU.Build.0 = Debug|Any CPU
		{CBA44E98-E154-41DD-BAC8-BA2DA4DB0D85}.Release|Any CPU.ActiveCfg = Release|Any CPU
		{CBA44E98-E154-41DD-BAC8-BA2DA4DB0D85}.Release|Any CPU.Build.0 = Release|Any CPU
	EndGlobalSection
	GlobalSection(SolutionProperties) = preSolution
		HideSolutionNode = FALSE
	EndGlobalSection
	GlobalSection(ExtensibilityGlobals) = postSolution
		SolutionGuid = {8A95304D-FF05-4BF2-9C02-A4FA3563380D}
	EndGlobalSection
EndGlobal
